
Microsoft Visual Studio Solution File, Format Version 12.00
# Visual Studio 15
VisualStudioVersion = 15.0.28010.2016
MinimumVisualStudioVersion = 10.0.40219.1
Project("{9A19103F-16F7-4668-BE54-9A1E7A4F7556}") = "Solid Principles", "Solid Principles\Solid Principles.csproj", "{9CF28295-4045-41B2-9473-105EB1CC7E36}"
EndProject
Global
	GlobalSection(SolutionConfigurationPlatforms) = preSolution
		Debug|Any CPU = Debug|Any CPU
		Release|Any CPU = Release|Any CPU
	EndGlobalSection
	GlobalSection(ProjectConfigurationPlatforms) = postSolution
		{9CF28295-4045-41B2-9473-105EB1CC7E36}.Debug|Any CPU.ActiveCfg = Debug|Any CPU
		{9CF28295-4045-41B2-9473-105EB1CC7E36}.Debug|Any CPU.Build.0 = Debug|Any CPU
		{9CF28295-4045-41B2-9473-105EB1CC7E36}.Release|Any CPU.ActiveCfg = Release|Any CPU
		{9CF28295-4045-41B2-9473-105EB1CC7E36}.Release|Any CPU.Build.0 = Release|Any CPU
	EndGlobalSection
	GlobalSection(SolutionProperties) = preSolution
		HideSolutionNode = FALSE
	EndGlobalSection
	GlobalSection(ExtensibilityGlobals) = postSolution
		SolutionGuid = {51D47EBB-63BF-463D-B36B-05B2C916C25A}
	EndGlobalSection
EndGlobal
